
Microsoft Visual Studio Solution File, Format Version 12.00
# Visual Studio Version 16
VisualStudioVersion = 16.0.33529.622
MinimumVisualStudioVersion = 10.0.40219.1
Project("{CC5FD16D-436D-48AD-A40C-5A424C6E3E79}") = "PaaSDev.L200.CSES.4", "PaaSDev.L200.CSES.4\PaaSDev.L200.CSES.4.ccproj", "{2985288D-EC6B-484F-8F18-97B94B765193}"
EndProject
Project("{FAE04EC0-301F-11D3-BF4B-00C04F79EFBC}") = "WebRole1", "WebRole1\WebRole1.csproj", "{A540D35C-E539-49AD-9507-CBA568BDA662}"
EndProject
Global
	GlobalSection(SolutionConfigurationPlatforms) = preSolution
		Debug|Any CPU = Debug|Any CPU
		Release|Any CPU = Release|Any CPU
	EndGlobalSection
	GlobalSection(ProjectConfigurationPlatforms) = postSolution
		{2985288D-EC6B-484F-8F18-97B94B765193}.Debug|Any CPU.ActiveCfg = Debug|Any CPU
		{2985288D-EC6B-484F-8F18-97B94B765193}.Debug|Any CPU.Build.0 = Debug|Any CPU
		{2985288D-EC6B-484F-8F18-97B94B765193}.Release|Any CPU.ActiveCfg = Release|Any CPU
		{2985288D-EC6B-484F-8F18-97B94B765193}.Release|Any CPU.Build.0 = Release|Any CPU
		{A540D35C-E539-49AD-9507-CBA568BDA662}.Debug|Any CPU.ActiveCfg = Debug|Any CPU
		{A540D35C-E539-49AD-9507-CBA568BDA662}.Debug|Any CPU.Build.0 = Debug|Any CPU
		{A540D35C-E539-49AD-9507-CBA568BDA662}.Release|Any CPU.ActiveCfg = Release|Any CPU
		{A540D35C-E539-49AD-9507-CBA568BDA662}.Release|Any CPU.Build.0 = Release|Any CPU
	EndGlobalSection
	GlobalSection(SolutionProperties) = preSolution
		HideSolutionNode = FALSE
	EndGlobalSection
	GlobalSection(ExtensibilityGlobals) = postSolution
		SolutionGuid = {0032F539-FFD0-43F4-9E29-7386C1142295}
	EndGlobalSection
EndGlobal
